// !$*UTF8*$!
{
	archiveVersion = 1;
	classes = {
	};
	objectVersion = 46;
	objects = {

/* Begin PBXBuildFile section */
		DDCFCD061CEAAA1300C0E68F /* Foundation.framework in Frameworks */ = {isa = PBXBuildFile; fileRef = DDCFCD051CEAAA1300C0E68F /* Foundation.framework */; };
		DDCFCD0B1CEAAA1300C0E68F /* FGGDevKit.h in CopyFiles */ = {isa = PBXBuildFile; fileRef = DDCFCD0A1CEAAA1300C0E68F /* FGGDevKit.h */; };
		DDCFCD0D1CEAAA1300C0E68F /* FGGDevKit.m in Sources */ = {isa = PBXBuildFile; fileRef = DDCFCD0C1CEAAA1300C0E68F /* FGGDevKit.m */; };
		DDCFCD141CEAAA1300C0E68F /* XCTest.framework in Frameworks */ = {isa = PBXBuildFile; fileRef = DDCFCD131CEAAA1300C0E68F /* XCTest.framework */; };
		DDCFCD151CEAAA1300C0E68F /* Foundation.framework in Frameworks */ = {isa = PBXBuildFile; fileRef = DDCFCD051CEAAA1300C0E68F /* Foundation.framework */; };
		DDCFCD171CEAAA1300C0E68F /* UIKit.framework in Frameworks */ = {isa = PBXBuildFile; fileRef = DDCFCD161CEAAA1300C0E68F /* UIKit.framework */; };
		DDCFCD1A1CEAAA1300C0E68F /* FGGDevKit.dylib in Frameworks */ = {isa = PBXBuildFile; fileRef = DDCFCD021CEAAA1300C0E68F /* FGGDevKit.dylib */; };
		DDCFCD201CEAAA1300C0E68F /* InfoPlist.strings in Resources */ = {isa = PBXBuildFile; fileRef = DDCFCD1E1CEAAA1300C0E68F /* InfoPlist.strings */; };
		DDCFCD221CEAAA1300C0E68F /* FGGDevKitTests.m in Sources */ = {isa = PBXBuildFile; fileRef = DDCFCD211CEAAA1300C0E68F /* FGGDevKitTests.m */; };
/* End PBXBuildFile section */

/* Begin PBXContainerItemProxy section */
		DDCFCD181CEAAA1300C0E68F /* PBXContainerItemProxy */ = {
			isa = PBXContainerItemProxy;
			containerPortal = DDCFCCFA1CEAAA1300C0E68F /* Project object */;
			proxyType = 1;
			remoteGlobalIDString = DDCFCD011CEAAA1300C0E68F;
			remoteInfo = FGGDevKit;
		};
/* End PBXContainerItemProxy section */

/* Begin PBXCopyFilesBuildPhase section */
		DDCFCD001CEAAA1300C0E68F /* CopyFiles */ = {
			isa = PBXCopyFilesBuildPhase;
			buildActionMask = 2147483647;
			dstPath = "include/$(PRODUCT_NAME)";
			dstSubfolderSpec = 16;
			files = (
				DDCFCD0B1CEAAA1300C0E68F /* FGGDevKit.h in CopyFiles */,
			);
			runOnlyForDeploymentPostprocessing = 0;
		};
/* End PBXCopyFilesBuildPhase section */

/* Begin PBXFileReference section */
		DDCFCD021CEAAA1300C0E68F /* FGGDevKit.dylib */ = {isa = PBXFileReference; explicitFileType = "compiled.mach-o.dylib"; includeInIndex = 0; path = FGGDevKit.dylib; sourceTree = BUILT_PRODUCTS_DIR; };
		DDCFCD051CEAAA1300C0E68F /* Foundation.framework */ = {isa = PBXFileReference; lastKnownFileType = wrapper.framework; name = Foundation.framework; path = System/Library/Frameworks/Foundation.framework; sourceTree = SDKROOT; };
		DDCFCD091CEAAA1300C0E68F /* FGGDevKit-Prefix.pch */ = {isa = PBXFileReference; lastKnownFileType = sourcecode.c.h; path = "FGGDevKit-Prefix.pch"; sourceTree = "<group>"; };
		DDCFCD0A1CEAAA1300C0E68F /* FGGDevKit.h */ = {isa = PBXFileReference; lastKnownFileType = sourcecode.c.h; path = FGGDevKit.h; sourceTree = "<group>"; };
		DDCFCD0C1CEAAA1300C0E68F /* FGGDevKit.m */ = {isa = PBXFileReference; lastKnownFileType = sourcecode.c.objc; path = FGGDevKit.m; sourceTree = "<group>"; };
		DDCFCD121CEAAA1300C0E68F /* FGGDevKitTests.xctest */ = {isa = PBXFileReference; explicitFileType = wrapper.cfbundle; includeInIndex = 0; path = FGGDevKitTests.xctest; sourceTree = BUILT_PRODUCTS_DIR; };
		DDCFCD131CEAAA1300C0E68F /* XCTest.framework */ = {isa = PBXFileReference; lastKnownFileType = wrapper.framework; name = XCTest.framework; path = Library/Frameworks/XCTest.framework; sourceTree = DEVELOPER_DIR; };
		DDCFCD161CEAAA1300C0E68F /* UIKit.framework */ = {isa = PBXFileReference; lastKnownFileType = wrapper.framework; name = UIKit.framework; path = Library/Frameworks/UIKit.framework; sourceTree = DEVELOPER_DIR; };
		DDCFCD1D1CEAAA1300C0E68F /* FGGDevKitTests-Info.plist */ = {isa = PBXFileReference; lastKnownFileType = text.plist.xml; path = "FGGDevKitTests-Info.plist"; sourceTree = "<group>"; };
		DDCFCD1F1CEAAA1300C0E68F /* en */ = {isa = PBXFileReference; lastKnownFileType = text.plist.strings; name = en; path = en.lproj/InfoPlist.strings; sourceTree = "<group>"; };
		DDCFCD211CEAAA1300C0E68F /* FGGDevKitTests.m */ = {isa = PBXFileReference; lastKnownFileType = sourcecode.c.objc; path = FGGDevKitTests.m; sourceTree = "<group>"; };
/* End PBXFileReference section */

/* Begin PBXFrameworksBuildPhase section */
		DDCFCCFF1CEAAA1300C0E68F /* Frameworks */ = {
			isa = PBXFrameworksBuildPhase;
			buildActionMask = 2147483647;
			files = (
				DDCFCD061CEAAA1300C0E68F /* Foundation.framework in Frameworks */,
			);
			runOnlyForDeploymentPostprocessing = 0;
		};
		DDCFCD0F1CEAAA1300C0E68F /* Frameworks */ = {
			isa = PBXFrameworksBuildPhase;
			buildActionMask = 2147483647;
			files = (
				DDCFCD1A1CEAAA1300C0E68F /* FGGDevKit.dylib in Frameworks */,
				DDCFCD141CEAAA1300C0E68F /* XCTest.framework in Frameworks */,
				DDCFCD171CEAAA1300C0E68F /* UIKit.framework in Frameworks */,
				DDCFCD151CEAAA1300C0E68F /* Foundation.framework in Frameworks */,
			);
			runOnlyForDeploymentPostprocessing = 0;
		};
/* End PBXFrameworksBuildPhase section */

/* Begin PBXGroup section */
		DDCFCCF91CEAAA1300C0E68F = {
			isa = PBXGroup;
			children = (
				DDCFCD071CEAAA1300C0E68F /* FGGDevKit */,
				DDCFCD1B1CEAAA1300C0E68F /* FGGDevKitTests */,
				DDCFCD041CEAAA1300C0E68F /* Frameworks */,
				DDCFCD031CEAAA1300C0E68F /* Products */,
			);
			sourceTree = "<group>";
		};
		DDCFCD031CEAAA1300C0E68F /* Products */ = {
			isa = PBXGroup;
			children = (
				DDCFCD021CEAAA1300C0E68F /* FGGDevKit.dylib */,
				DDCFCD121CEAAA1300C0E68F /* FGGDevKitTests.xctest */,
			);
			name = Products;
			sourceTree = "<group>";
		};
		DDCFCD041CEAAA1300C0E68F /* Frameworks */ = {
			isa = PBXGroup;
			children = (
				DDCFCD051CEAAA1300C0E68F /* Foundation.framework */,
				DDCFCD131CEAAA1300C0E68F /* XCTest.framework */,
				DDCFCD161CEAAA1300C0E68F /* UIKit.framework */,
			);
			name = Frameworks;
			sourceTree = "<group>";
		};
		DDCFCD071CEAAA1300C0E68F /* FGGDevKit */ = {
			isa = PBXGroup;
			children = (
				DDCFCD0A1CEAAA1300C0E68F /* FGGDevKit.h */,
				DDCFCD0C1CEAAA1300C0E68F /* FGGDevKit.m */,
				DDCFCD081CEAAA1300C0E68F /* Supporting Files */,
			);
			path = FGGDevKit;
			sourceTree = "<group>";
		};
		DDCFCD081CEAAA1300C0E68F /* Supporting Files */ = {
			isa = PBXGroup;
			children = (
				DDCFCD091CEAAA1300C0E68F /* FGGDevKit-Prefix.pch */,
			);
			name = "Supporting Files";
			sourceTree = "<group>";
		};
		DDCFCD1B1CEAAA1300C0E68F /* FGGDevKitTests */ = {
			isa = PBXGroup;
			children = (
				DDCFCD211CEAAA1300C0E68F /* FGGDevKitTests.m */,
				DDCFCD1C1CEAAA1300C0E68F /* Supporting Files */,
			);
			path = FGGDevKitTests;
			sourceTree = "<group>";
		};
		DDCFCD1C1CEAAA1300C0E68F /* Supporting Files */ = {
			isa = PBXGroup;
			children = (
				DDCFCD1D1CEAAA1300C0E68F /* FGGDevKitTests-Info.plist */,
				DDCFCD1E1CEAAA1300C0E68F /* InfoPlist.strings */,
			);
			name = "Supporting Files";
			sourceTree = "<group>";
		};
/* End PBXGroup section */

/* Begin PBXNativeTarget section */
		DDCFCD011CEAAA1300C0E68F /* FGGDevKit */ = {
			isa = PBXNativeTarget;
			buildConfigurationList = DDCFCD251CEAAA1300C0E68F /* Build configuration list for PBXNativeTarget "FGGDevKit" */;
			buildPhases = (
				DDCFCCFE1CEAAA1300C0E68F /* Sources */,
				DDCFCCFF1CEAAA1300C0E68F /* Frameworks */,
				DDCFCD001CEAAA1300C0E68F /* CopyFiles */,
			);
			buildRules = (
			);
			dependencies = (
			);
			name = FGGDevKit;
			productName = FGGDevKit;
			productReference = DDCFCD021CEAAA1300C0E68F /* FGGDevKit.dylib */;
			productType = "com.apple.product-type.library.dynamic";
		};
		DDCFCD111CEAAA1300C0E68F /* FGGDevKitTests */ = {
			isa = PBXNativeTarget;
			buildConfigurationList = DDCFCD281CEAAA1300C0E68F /* Build configuration list for PBXNativeTarget "FGGDevKitTests" */;
			buildPhases = (
				DDCFCD0E1CEAAA1300C0E68F /* Sources */,
				DDCFCD0F1CEAAA1300C0E68F /* Frameworks */,
				DDCFCD101CEAAA1300C0E68F /* Resources */,
			);
			buildRules = (
			);
			dependencies = (
				DDCFCD191CEAAA1300C0E68F /* PBXTargetDependency */,
			);
			name = FGGDevKitTests;
			productName = FGGDevKitTests;
			productReference = DDCFCD121CEAAA1300C0E68F /* FGGDevKitTests.xctest */;
			productType = "com.apple.product-type.bundle.unit-test";
		};
/* End PBXNativeTarget section */

/* Begin PBXProject section */
		DDCFCCFA1CEAAA1300C0E68F /* Project object */ = {
			isa = PBXProject;
			attributes = {
				LastUpgradeCheck = 0510;
				ORGANIZATIONNAME = fgg;
				TargetAttributes = {
					DDCFCD111CEAAA1300C0E68F = {
						TestTargetID = DDCFCD011CEAAA1300C0E68F;
					};
				};
			};
			buildConfigurationList = DDCFCCFD1CEAAA1300C0E68F /* Build configuration list for PBXProject "FGGDevKit" */;
			compatibilityVersion = "Xcode 3.2";
			developmentRegion = English;
			hasScannedForEncodings = 0;
			knownRegions = (
				en,
			);
			mainGroup = DDCFCCF91CEAAA1300C0E68F;
			productRefGroup = DDCFCD031CEAAA1300C0E68F /* Products */;
			projectDirPath = "";
			projectRoot = "";
			targets = (
				DDCFCD011CEAAA1300C0E68F /* FGGDevKit */,
				DDCFCD111CEAAA1300C0E68F /* FGGDevKitTests */,
			);
		};
/* End PBXProject section */

/* Begin PBXResourcesBuildPhase section */
		DDCFCD101CEAAA1300C0E68F /* Resources */ = {
			isa = PBXResourcesBuildPhase;
			buildActionMask = 2147483647;
			files = (
				DDCFCD201CEAAA1300C0E68F /* InfoPlist.strings in Resources */,
			);
			runOnlyForDeploymentPostprocessing = 0;
		};
/* End PBXResourcesBuildPhase section */

/* Begin PBXSourcesBuildPhase section */
		DDCFCCFE1CEAAA1300C0E68F /* Sources */ = {
			isa = PBXSourcesBuildPhase;
			buildActionMask = 2147483647;
			files = (
				DDCFCD0D1CEAAA1300C0E68F /* FGGDevKit.m in Sources */,
			);
			runOnlyForDeploymentPostprocessing = 0;
		};
		DDCFCD0E1CEAAA1300C0E68F /* Sources */ = {
			isa = PBXSourcesBuildPhase;
			buildActionMask = 2147483647;
			files = (
				DDCFCD221CEAAA1300C0E68F /* FGGDevKitTests.m in Sources */,
			);
			runOnlyForDeploymentPostprocessing = 0;
		};
/* End PBXSourcesBuildPhase section */

/* Begin PBXTargetDependency section */
		DDCFCD191CEAAA1300C0E68F /* PBXTargetDependency */ = {
			isa = PBXTargetDependency;
			target = DDCFCD011CEAAA1300C0E68F /* FGGDevKit */;
			targetProxy = DDCFCD181CEAAA1300C0E68F /* PBXContainerItemProxy */;
		};
/* End PBXTargetDependency section */

/* Begin PBXVariantGroup section */
		DDCFCD1E1CEAAA1300C0E68F /* InfoPlist.strings */ = {
			isa = PBXVariantGroup;
			children = (
				DDCFCD1F1CEAAA1300C0E68F /* en */,
			);
			name = InfoPlist.strings;
			sourceTree = "<group>";
		};
/* End PBXVariantGroup section */

/* Begin XCBuildConfiguration section */
		DDCFCD231CEAAA1300C0E68F /* Debug */ = {
			isa = XCBuildConfiguration;
			buildSettings = {
				ALWAYS_SEARCH_USER_PATHS = NO;
				CLANG_CXX_LANGUAGE_STANDARD = "gnu++0x";
				CLANG_CXX_LIBRARY = "libc++";
				CLANG_ENABLE_MODULES = YES;
				CLANG_ENABLE_OBJC_ARC = YES;
				CLANG_WARN_BOOL_CONVERSION = YES;
				CLANG_WARN_CONSTANT_CONVERSION = YES;
				CLANG_WARN_DIRECT_OBJC_ISA_USAGE = YES_ERROR;
				CLANG_WARN_EMPTY_BODY = YES;
				CLANG_WARN_ENUM_CONVERSION = YES;
				CLANG_WARN_INT_CONVERSION = YES;
				CLANG_WARN_OBJC_ROOT_CLASS = YES_ERROR;
				CLANG_WARN__DUPLICATE_METHOD_MATCH = YES;
				COPY_PHASE_STRIP = NO;
				GCC_C_LANGUAGE_STANDARD = gnu99;
				GCC_DYNAMIC_NO_PIC = NO;
				GCC_OPTIMIZATION_LEVEL = 0;
				GCC_PREPROCESSOR_DEFINITIONS = (
					"DEBUG=1",
					"$(inherited)",
				);
				GCC_SYMBOLS_PRIVATE_EXTERN = NO;
				GCC_WARN_64_TO_32_BIT_CONVERSION = YES;
				GCC_WARN_ABOUT_RETURN_TYPE = YES_ERROR;
				GCC_WARN_UNDECLARED_SELECTOR = YES;
				GCC_WARN_UNINITIALIZED_AUTOS = YES_AGGRESSIVE;
				GCC_WARN_UNUSED_FUNCTION = YES;
				GCC_WARN_UNUSED_VARIABLE = YES;
				IPHONEOS_DEPLOYMENT_TARGET = 7.1;
				ONLY_ACTIVE_ARCH = YES;
				SDKROOT = iphoneos;
			};
			name = Debug;
		};
		DDCFCD241CEAAA1300C0E68F /* Release */ = {
			isa = XCBuildConfiguration;
			buildSettings = {
				ALWAYS_SEARCH_USER_PATHS = NO;
				CLANG_CXX_LANGUAGE_STANDARD = "gnu++0x";
				CLANG_CXX_LIBRARY = "libc++";
				CLANG_ENABLE_MODULES = YES;
				CLANG_ENABLE_OBJC_ARC = YES;
				CLANG_WARN_BOOL_CONVERSION = YES;
				CLANG_WARN_CONSTANT_CONVERSION = YES;
				CLANG_WARN_DIRECT_OBJC_ISA_USAGE = YES_ERROR;
				CLANG_WARN_EMPTY_BODY = YES;
				CLANG_WARN_ENUM_CONVERSION = YES;
				CLANG_WARN_INT_CONVERSION = YES;
				CLANG_WARN_OBJC_ROOT_CLASS = YES_ERROR;
				CLANG_WARN__DUPLICATE_METHOD_MATCH = YES;
				COPY_PHASE_STRIP = YES;
				ENABLE_NS_ASSERTIONS = NO;
				GCC_C_LANGUAGE_STANDARD = gnu99;
				GCC_WARN_64_TO_32_BIT_CONVERSION = YES;
				GCC_WARN_ABOUT_RETURN_TYPE = YES_ERROR;
				GCC_WARN_UNDECLARED_SELECTOR = YES;
				GCC_WARN_UNINITIALIZED_AUTOS = YES_AGGRESSIVE;
				GCC_WARN_UNUSED_FUNCTION = YES;
				GCC_WARN_UNUSED_VARIABLE = YES;
				IPHONEOS_DEPLOYMENT_TARGET = 7.1;
				SDKROOT = iphoneos;
				VALIDATE_PRODUCT = YES;
			};
			name = Release;
		};
		DDCFCD261CEAAA1300C0E68F /* Debug */ = {
			isa = XCBuildConfiguration;
			buildSettings = {
				CODE_SIGN_IDENTITY = "iPhone Developer: hou lijun (J899UJHW68)";
				DSTROOT = /tmp/FGGDevKit.dst;
				GCC_PRECOMPILE_PREFIX_HEADER = YES;
				GCC_PREFIX_HEADER = "FGGDevKit/FGGDevKit-Prefix.pch";
				OTHER_LDFLAGS = "-ObjC";
				PRODUCT_NAME = "$(TARGET_NAME)";
				PROVISIONING_PROFILE = "1d5c0bf5-41b3-4e83-bc3a-da83f6f7a6de";
				SKIP_INSTALL = YES;
			};
			name = Debug;
		};
		DDCFCD271CEAAA1300C0E68F /* Release */ = {
			isa = XCBuildConfiguration;
			buildSettings = {
				CODE_SIGN_IDENTITY = "iPhone Developer: hou lijun (J899UJHW68)";
				DSTROOT = /tmp/FGGDevKit.dst;
				GCC_PRECOMPILE_PREFIX_HEADER = YES;
				GCC_PREFIX_HEADER = "FGGDevKit/FGGDevKit-Prefix.pch";
				OTHER_LDFLAGS = "-ObjC";
				PRODUCT_NAME = "$(TARGET_NAME)";
				PROVISIONING_PROFILE = "1d5c0bf5-41b3-4e83-bc3a-da83f6f7a6de";
				SKIP_INSTALL = YES;
			};
			name = Release;
		};
		DDCFCD291CEAAA1300C0E68F /* Debug */ = {
			isa = XCBuildConfiguration;
			buildSettings = {
				BUNDLE_LOADER = "$(BUILT_PRODUCTS_DIR)/FGGDevKit.dylib";
				FRAMEWORK_SEARCH_PATHS = (
					"$(SDKROOT)/Developer/Library/Frameworks",
					"$(inherited)",
					"$(DEVELOPER_FRAMEWORKS_DIR)",
				);
				GCC_PRECOMPILE_PREFIX_HEADER = YES;
				GCC_PREFIX_HEADER = "FGGDevKit/FGGDevKit-Prefix.pch";
				GCC_PREPROCESSOR_DEFINITIONS = (
					"DEBUG=1",
					"$(inherited)",
				);
				INFOPLIST_FILE = "FGGDevKitTests/FGGDevKitTests-Info.plist";
				PRODUCT_NAME = "$(TARGET_NAME)";
				TEST_HOST = "$(BUNDLE_LOADER)";
				WRAPPER_EXTENSION = xctest;
			};
			name = Debug;
		};
		DDCFCD2A1CEAAA1300C0E68F /* Release */ = {
			isa = XCBuildConfiguration;
			buildSettings = {
				BUNDLE_LOADER = "$(BUILT_PRODUCTS_DIR)/FGGDevKit.dylib";
				FRAMEWORK_SEARCH_PATHS = (
					"$(SDKROOT)/Developer/Library/Frameworks",
					"$(inherited)",
					"$(DEVELOPER_FRAMEWORKS_DIR)",
				);
				GCC_PRECOMPILE_PREFIX_HEADER = YES;
				GCC_PREFIX_HEADER = "FGGDevKit/FGGDevKit-Prefix.pch";
				INFOPLIST_FILE = "FGGDevKitTests/FGGDevKitTests-Info.plist";
				PRODUCT_NAME = "$(TARGET_NAME)";
				TEST_HOST = "$(BUNDLE_LOADER)";
				WRAPPER_EXTENSION = xctest;
			};
			name = Release;
		};
/* End XCBuildConfiguration section */

/* Begin XCConfigurationList section */
		DDCFCCFD1CEAAA1300C0E68F /* Build configuration list for PBXProject "FGGDevKit" */ = {
			isa = XCConfigurationList;
			buildConfigurations = (
				DDCFCD231CEAAA1300C0E68F /* Debug */,
				DDCFCD241CEAAA1300C0E68F /* Release */,
			);
			defaultConfigurationIsVisible = 0;
			defaultConfigurationName = Release;
		};
		DDCFCD251CEAAA1300C0E68F /* Build configuration list for PBXNativeTarget "FGGDevKit" */ = {
			isa = XCConfigurationList;
			buildConfigurations = (
				DDCFCD261CEAAA1300C0E68F /* Debug */,
				DDCFCD271CEAAA1300C0E68F /* Release */,
			);
			defaultConfigurationIsVisible = 0;
			defaultConfigurationName = Release;
		};
		DDCFCD281CEAAA1300C0E68F /* Build configuration list for PBXNativeTarget "FGGDevKitTests" */ = {
			isa = XCConfigurationList;
			buildConfigurations = (
				DDCFCD291CEAAA1300C0E68F /* Debug */,
				DDCFCD2A1CEAAA1300C0E68F /* Release */,
			);
			defaultConfigurationIsVisible = 0;
			defaultConfigurationName = Release;
		};
/* End XCConfigurationList section */
	};
	rootObject = DDCFCCFA1CEAAA1300C0E68F /* Project object */;
}
